
Microsoft Visual Studio Solution File, Format Version 12.00
# Visual Studio 15
VisualStudioVersion = 15.0.27703.2042
MinimumVisualStudioVersion = 10.0.40219.1
Project("{9A19103F-16F7-4668-BE54-9A1E7A4F7556}") = "Seeder", "src\Seeder\Seeder.csproj", "{FB9D55C8-2975-46BB-8467-DF5374ED20F9}"
EndProject
Project("{2150E333-8FDC-42A3-9474-1A3956D46DE8}") = "tests", "tests", "{6EC4B704-311A-4950-A49A-45D997F4921F}"
EndProject
Project("{2150E333-8FDC-42A3-9474-1A3956D46DE8}") = "samples", "samples", "{0BAF79AE-988B-4F27-B271-D6A0A13D9B47}"
EndProject
Project("{9A19103F-16F7-4668-BE54-9A1E7A4F7556}") = "ConsoleApp", "samples\ConsoleApp\ConsoleApp.csproj", "{368C8312-CE1D-4A86-BDF1-91A8C5A12ED1}"
EndProject
Project("{2150E333-8FDC-42A3-9474-1A3956D46DE8}") = "Solution Items", "Solution Items", "{72784AF4-B8EB-47EB-A188-FBD81AE455E8}"
	ProjectSection(SolutionItems) = preProject
		README.md = README.md
	EndProjectSection
EndProject
Project("{9A19103F-16F7-4668-BE54-9A1E7A4F7556}") = "Seeder.Core", "src\Seeder.Core\Seeder.Core.csproj", "{A6B31DE8-2512-4600-A723-E9BEE5C635B3}"
EndProject
Project("{2150E333-8FDC-42A3-9474-1A3956D46DE8}") = "unit-tests", "unit-tests", "{C0A6CF5E-A990-49CE-B70C-E7755A9E33BA}"
EndProject
Project("{FAE04EC0-301F-11D3-BF4B-00C04F79EFBC}") = "Seeder.Core.Tests", "tests\unit-tests\Seeder.Core.Tests\Seeder.Core.Tests.csproj", "{0E5B254F-3BC1-42AE-92BE-DCD20DE32322}"
EndProject
Project("{2150E333-8FDC-42A3-9474-1A3956D46DE8}") = "integration-tests", "integration-tests", "{5851105D-0911-4072-9FF9-FCD9C4C14427}"
EndProject
Project("{FAE04EC0-301F-11D3-BF4B-00C04F79EFBC}") = "Seeder.IntegrationTests", "tests\integration-tests\Seeder.IntegrationTests\Seeder.IntegrationTests.csproj", "{89FBF1D8-F39F-46B9-BAB4-500CF98C6B73}"
EndProject
Global
	GlobalSection(SolutionConfigurationPlatforms) = preSolution
		Debug|Any CPU = Debug|Any CPU
		Release|Any CPU = Release|Any CPU
	EndGlobalSection
	GlobalSection(ProjectConfigurationPlatforms) = postSolution
		{FB9D55C8-2975-46BB-8467-DF5374ED20F9}.Debug|Any CPU.ActiveCfg = Debug|Any CPU
		{FB9D55C8-2975-46BB-8467-DF5374ED20F9}.Debug|Any CPU.Build.0 = Debug|Any CPU
		{FB9D55C8-2975-46BB-8467-DF5374ED20F9}.Release|Any CPU.ActiveCfg = Release|Any CPU
		{FB9D55C8-2975-46BB-8467-DF5374ED20F9}.Release|Any CPU.Build.0 = Release|Any CPU
		{368C8312-CE1D-4A86-BDF1-91A8C5A12ED1}.Debug|Any CPU.ActiveCfg = Debug|Any CPU
		{368C8312-CE1D-4A86-BDF1-91A8C5A12ED1}.Debug|Any CPU.Build.0 = Debug|Any CPU
		{368C8312-CE1D-4A86-BDF1-91A8C5A12ED1}.Release|Any CPU.ActiveCfg = Release|Any CPU
		{368C8312-CE1D-4A86-BDF1-91A8C5A12ED1}.Release|Any CPU.Build.0 = Release|Any CPU
		{A6B31DE8-2512-4600-A723-E9BEE5C635B3}.Debug|Any CPU.ActiveCfg = Debug|Any CPU
		{A6B31DE8-2512-4600-A723-E9BEE5C635B3}.Debug|Any CPU.Build.0 = Debug|Any CPU
		{A6B31DE8-2512-4600-A723-E9BEE5C635B3}.Release|Any CPU.ActiveCfg = Release|Any CPU
		{A6B31DE8-2512-4600-A723-E9BEE5C635B3}.Release|Any CPU.Build.0 = Release|Any CPU
		{0E5B254F-3BC1-42AE-92BE-DCD20DE32322}.Debug|Any CPU.ActiveCfg = Debug|Any CPU
		{0E5B254F-3BC1-42AE-92BE-DCD20DE32322}.Debug|Any CPU.Build.0 = Debug|Any CPU
		{0E5B254F-3BC1-42AE-92BE-DCD20DE32322}.Release|Any CPU.ActiveCfg = Release|Any CPU
		{0E5B254F-3BC1-42AE-92BE-DCD20DE32322}.Release|Any CPU.Build.0 = Release|Any CPU
		{89FBF1D8-F39F-46B9-BAB4-500CF98C6B73}.Debug|Any CPU.ActiveCfg = Debug|Any CPU
		{89FBF1D8-F39F-46B9-BAB4-500CF98C6B73}.Debug|Any CPU.Build.0 = Debug|Any CPU
		{89FBF1D8-F39F-46B9-BAB4-500CF98C6B73}.Release|Any CPU.ActiveCfg = Release|Any CPU
		{89FBF1D8-F39F-46B9-BAB4-500CF98C6B73}.Release|Any CPU.Build.0 = Release|Any CPU
	EndGlobalSection
	GlobalSection(SolutionProperties) = preSolution
		HideSolutionNode = FALSE
	EndGlobalSection
	GlobalSection(NestedProjects) = preSolution
		{368C8312-CE1D-4A86-BDF1-91A8C5A12ED1} = {0BAF79AE-988B-4F27-B271-D6A0A13D9B47}
		{C0A6CF5E-A990-49CE-B70C-E7755A9E33BA} = {6EC4B704-311A-4950-A49A-45D997F4921F}
		{0E5B254F-3BC1-42AE-92BE-DCD20DE32322} = {C0A6CF5E-A990-49CE-B70C-E7755A9E33BA}
		{5851105D-0911-4072-9FF9-FCD9C4C14427} = {6EC4B704-311A-4950-A49A-45D997F4921F}
		{89FBF1D8-F39F-46B9-BAB4-500CF98C6B73} = {5851105D-0911-4072-9FF9-FCD9C4C14427}
	EndGlobalSection
	GlobalSection(ExtensibilityGlobals) = postSolution
		SolutionGuid = {66E12EC0-3A16-4D9F-9E84-1C2F667E5BD2}
	EndGlobalSection
EndGlobal
